# generated by rye
# use `rye lock` or `rye sync` to update this lockfile
#
# last locked with the following flags:
#   pre: false
#   features: []
#   all-features: false
#   with-sources: false
#   generate-hashes: false

-e file:.
annotated-types==0.7.0
    # via pydantic
asgiref==3.8.1
    # via django
django==5.0.7
    # via django-ninja
    # via yat
django-ninja==1.2.2
    # via yat
pydantic==2.8.2
    # via django-ninja
pydantic-core==2.20.1
    # via pydantic
sqlparse==0.5.1
    # via django
typing-extensions==4.12.2
    # via pydantic
    # via pydantic-core
